
Microsoft Visual Studio Solution File, Format Version 12.00
# Visual Studio 2015
Project("{FAE04EC0-301F-11D3-BF4B-00C04F79EFBC}") = "C_-DMX-Controller.CSharp", "C_-DMX-Controller.CSharp.csproj", "{52C9C0B2-4204-B859-645E-2471DDF61892}"
EndProject
Global
	GlobalSection(SolutionConfigurationPlatforms) = preSolution
		Debug|Any CPU = Debug|Any CPU
		Release|Any CPU = Release|Any CPU
	EndGlobalSection
	GlobalSection(ProjectConfigurationPlatforms) = postSolution
		{52C9C0B2-4204-B859-645E-2471DDF61892}.Debug|Any CPU.ActiveCfg = Debug|Any CPU
		{52C9C0B2-4204-B859-645E-2471DDF61892}.Debug|Any CPU.Build.0 = Debug|Any CPU
		{52C9C0B2-4204-B859-645E-2471DDF61892}.Release|Any CPU.ActiveCfg = Release|Any CPU
		{52C9C0B2-4204-B859-645E-2471DDF61892}.Release|Any CPU.Build.0 = Release|Any CPU
	EndGlobalSection
	GlobalSection(SolutionProperties) = preSolution
		HideSolutionNode = FALSE
	EndGlobalSection
EndGlobal
